
Microsoft Visual Studio Solution File, Format Version 12.00
# Visual Studio Version 17
VisualStudioVersion = 17.6.33723.286
MinimumVisualStudioVersion = 10.0.40219.1
Project("{FAE04EC0-301F-11D3-BF4B-00C04F79EFBC}") = "MyApiSinhVien", "MyApiSinhVien\MyApiSinhVien.csproj", "{0F255690-6A51-4CBF-91A2-56AFFC8553E5}"
EndProject
Global
	GlobalSection(SolutionConfigurationPlatforms) = preSolution
		Debug|Any CPU = Debug|Any CPU
		Release|Any CPU = Release|Any CPU
	EndGlobalSection
	GlobalSection(ProjectConfigurationPlatforms) = postSolution
		{0F255690-6A51-4CBF-91A2-56AFFC8553E5}.Debug|Any CPU.ActiveCfg = Debug|Any CPU
		{0F255690-6A51-4CBF-91A2-56AFFC8553E5}.Debug|Any CPU.Build.0 = Debug|Any CPU
		{0F255690-6A51-4CBF-91A2-56AFFC8553E5}.Release|Any CPU.ActiveCfg = Release|Any CPU
		{0F255690-6A51-4CBF-91A2-56AFFC8553E5}.Release|Any CPU.Build.0 = Release|Any CPU
	EndGlobalSection
	GlobalSection(SolutionProperties) = preSolution
		HideSolutionNode = FALSE
	EndGlobalSection
	GlobalSection(ExtensibilityGlobals) = postSolution
		SolutionGuid = {B0589724-4B9E-4224-90CF-4B830C621F0E}
	EndGlobalSection
EndGlobal
